
Microsoft Visual Studio Solution File, Format Version 12.00
# Visual Studio Version 17
VisualStudioVersion = 17.9.34728.123
MinimumVisualStudioVersion = 10.0.40219.1
Project("{9A19103F-16F7-4668-BE54-9A1E7A4F7556}") = "View", "View\View.csproj", "{DC802B7B-6B2A-4C91-861D-7BC5900B2C56}"
EndProject
Project("{9A19103F-16F7-4668-BE54-9A1E7A4F7556}") = "Controllers", "Controllers\Controllers.csproj", "{60E6C47D-7C97-447D-A9EA-54982B264280}"
EndProject
Project("{9A19103F-16F7-4668-BE54-9A1E7A4F7556}") = "Services", "Services\Services.csproj", "{C5DD8E18-EB71-41AB-9CAE-74B19B4DB2E1}"
EndProject
Project("{FAE04EC0-301F-11D3-BF4B-00C04F79EFBC}") = "Repositories", "Repositories\Repositories.csproj", "{A91F41FF-B2C6-4965-81ED-DDCC9FFE62D0}"
EndProject
Global
	GlobalSection(SolutionConfigurationPlatforms) = preSolution
		Debug|Any CPU = Debug|Any CPU
		Release|Any CPU = Release|Any CPU
	EndGlobalSection
	GlobalSection(ProjectConfigurationPlatforms) = postSolution
		{DC802B7B-6B2A-4C91-861D-7BC5900B2C56}.Debug|Any CPU.ActiveCfg = Debug|Any CPU
		{DC802B7B-6B2A-4C91-861D-7BC5900B2C56}.Debug|Any CPU.Build.0 = Debug|Any CPU
		{DC802B7B-6B2A-4C91-861D-7BC5900B2C56}.Release|Any CPU.ActiveCfg = Release|Any CPU
		{DC802B7B-6B2A-4C91-861D-7BC5900B2C56}.Release|Any CPU.Build.0 = Release|Any CPU
		{60E6C47D-7C97-447D-A9EA-54982B264280}.Debug|Any CPU.ActiveCfg = Debug|Any CPU
		{60E6C47D-7C97-447D-A9EA-54982B264280}.Debug|Any CPU.Build.0 = Debug|Any CPU
		{60E6C47D-7C97-447D-A9EA-54982B264280}.Release|Any CPU.ActiveCfg = Release|Any CPU
		{60E6C47D-7C97-447D-A9EA-54982B264280}.Release|Any CPU.Build.0 = Release|Any CPU
		{C5DD8E18-EB71-41AB-9CAE-74B19B4DB2E1}.Debug|Any CPU.ActiveCfg = Debug|Any CPU
		{C5DD8E18-EB71-41AB-9CAE-74B19B4DB2E1}.Debug|Any CPU.Build.0 = Debug|Any CPU
		{C5DD8E18-EB71-41AB-9CAE-74B19B4DB2E1}.Release|Any CPU.ActiveCfg = Release|Any CPU
		{C5DD8E18-EB71-41AB-9CAE-74B19B4DB2E1}.Release|Any CPU.Build.0 = Release|Any CPU
		{A91F41FF-B2C6-4965-81ED-DDCC9FFE62D0}.Debug|Any CPU.ActiveCfg = Debug|Any CPU
		{A91F41FF-B2C6-4965-81ED-DDCC9FFE62D0}.Debug|Any CPU.Build.0 = Debug|Any CPU
		{A91F41FF-B2C6-4965-81ED-DDCC9FFE62D0}.Release|Any CPU.ActiveCfg = Release|Any CPU
		{A91F41FF-B2C6-4965-81ED-DDCC9FFE62D0}.Release|Any CPU.Build.0 = Release|Any CPU
	EndGlobalSection
	GlobalSection(SolutionProperties) = preSolution
		HideSolutionNode = FALSE
	EndGlobalSection
	GlobalSection(ExtensibilityGlobals) = postSolution
		SolutionGuid = {6CE32252-E40F-4003-BF73-94452FD62704}
	EndGlobalSection
EndGlobal
